
Microsoft Visual Studio Solution File, Format Version 12.00
# Visual Studio Version 17
VisualStudioVersion = 17.3.32825.248
MinimumVisualStudioVersion = 10.0.40219.1
Project("{FAE04EC0-301F-11D3-BF4B-00C04F79EFBC}") = "ZackPortfolioV1", "ZackPortfolioV1\ZackPortfolioV1.csproj", "{4BEDC6E5-9BC1-4F3B-8140-61FB84BCCD1A}"
EndProject
Project("{FAE04EC0-301F-11D3-BF4B-00C04F79EFBC}") = "ZackPortfolioV1.Domain", "ZaackPortfolioV1.Domain\ZackPortfolioV1.Domain.csproj", "{B920CA3D-1888-481E-9A3D-B6106B7F6607}"
EndProject
Project("{FAE04EC0-301F-11D3-BF4B-00C04F79EFBC}") = "ZackPortfolioV1.Data", "ZackPortfolioV1.Data\ZackPortfolioV1.Data.csproj", "{974EA72B-0E60-41D3-A5E1-C44DDC1C2207}"
EndProject
Global
	GlobalSection(SolutionConfigurationPlatforms) = preSolution
		Debug|Any CPU = Debug|Any CPU
		Release|Any CPU = Release|Any CPU
	EndGlobalSection
	GlobalSection(ProjectConfigurationPlatforms) = postSolution
		{4BEDC6E5-9BC1-4F3B-8140-61FB84BCCD1A}.Debug|Any CPU.ActiveCfg = Debug|Any CPU
		{4BEDC6E5-9BC1-4F3B-8140-61FB84BCCD1A}.Debug|Any CPU.Build.0 = Debug|Any CPU
		{4BEDC6E5-9BC1-4F3B-8140-61FB84BCCD1A}.Release|Any CPU.ActiveCfg = Release|Any CPU
		{4BEDC6E5-9BC1-4F3B-8140-61FB84BCCD1A}.Release|Any CPU.Build.0 = Release|Any CPU
		{B920CA3D-1888-481E-9A3D-B6106B7F6607}.Debug|Any CPU.ActiveCfg = Debug|Any CPU
		{B920CA3D-1888-481E-9A3D-B6106B7F6607}.Debug|Any CPU.Build.0 = Debug|Any CPU
		{B920CA3D-1888-481E-9A3D-B6106B7F6607}.Release|Any CPU.ActiveCfg = Release|Any CPU
		{B920CA3D-1888-481E-9A3D-B6106B7F6607}.Release|Any CPU.Build.0 = Release|Any CPU
		{974EA72B-0E60-41D3-A5E1-C44DDC1C2207}.Debug|Any CPU.ActiveCfg = Debug|Any CPU
		{974EA72B-0E60-41D3-A5E1-C44DDC1C2207}.Debug|Any CPU.Build.0 = Debug|Any CPU
		{974EA72B-0E60-41D3-A5E1-C44DDC1C2207}.Release|Any CPU.ActiveCfg = Release|Any CPU
		{974EA72B-0E60-41D3-A5E1-C44DDC1C2207}.Release|Any CPU.Build.0 = Release|Any CPU
	EndGlobalSection
	GlobalSection(SolutionProperties) = preSolution
		HideSolutionNode = FALSE
	EndGlobalSection
	GlobalSection(ExtensibilityGlobals) = postSolution
		SolutionGuid = {2E530AB0-1EE7-4E50-82F9-6594C340D80A}
	EndGlobalSection
EndGlobal
